schema: '2.0'
stages:
  train:
    cmd: python3 src/train.py
    deps:
    - path: data
      md5: 687552951726b99c2eee15d29b4ccf0e.dir
      size: 17397976
      nfiles: 3
    - path: src
      md5: 2f3d72329666700c14dcd15eaadb3603.dir
      size: 14649
      nfiles: 4
    params:
      params.yaml:
        model:
          conv_units: 32
        train:
          epochs: 10
    outs:
    - path: metrics.json
      md5: 3be182a7efe0b104d8b8f0746aecf248
      size: 57
    - path: models
      md5: 61583d896b58b538779536d10f818b84.dir
      size: 8363240
      nfiles: 1
    - path: plots
      md5: 86c05afb5affedb150ddcf652b720a91.dir
      size: 68466
      nfiles: 2
